
Microsoft Visual Studio Solution File, Format Version 11.00
# Visual Studio 2010
Project("{FAE04EC0-301F-11D3-BF4B-00C04F79EFBC}") = "NEWshoot", "Assembly-CSharp-firstpass.csproj", "{847E37D6-B604-ACFD-FE47-3FF761D5F868}"
EndProject
Project("{FAE04EC0-301F-11D3-BF4B-00C04F79EFBC}") = "NEWshoot", "Assembly-CSharp-Editor-firstpass.csproj", "{D4384D79-49E5-F18E-9F66-3675FC59817C}"
EndProject
Global
	GlobalSection(SolutionConfigurationPlatforms) = preSolution
		Debug|Any CPU = Debug|Any CPU
		Release|Any CPU = Release|Any CPU
	EndGlobalSection
	GlobalSection(ProjectConfigurationPlatforms) = postSolution
		{847E37D6-B604-ACFD-FE47-3FF761D5F868}.Debug|Any CPU.ActiveCfg = Debug|Any CPU
		{847E37D6-B604-ACFD-FE47-3FF761D5F868}.Debug|Any CPU.Build.0 = Debug|Any CPU
		{847E37D6-B604-ACFD-FE47-3FF761D5F868}.Release|Any CPU.ActiveCfg = Release|Any CPU
		{847E37D6-B604-ACFD-FE47-3FF761D5F868}.Release|Any CPU.Build.0 = Release|Any CPU
		{D4384D79-49E5-F18E-9F66-3675FC59817C}.Debug|Any CPU.ActiveCfg = Debug|Any CPU
		{D4384D79-49E5-F18E-9F66-3675FC59817C}.Debug|Any CPU.Build.0 = Debug|Any CPU
		{D4384D79-49E5-F18E-9F66-3675FC59817C}.Release|Any CPU.ActiveCfg = Release|Any CPU
		{D4384D79-49E5-F18E-9F66-3675FC59817C}.Release|Any CPU.Build.0 = Release|Any CPU
	EndGlobalSection
	GlobalSection(SolutionProperties) = preSolution
		HideSolutionNode = FALSE
	EndGlobalSection
	GlobalSection(MonoDevelopProperties) = preSolution
		StartupItem = Assembly-CSharp.csproj
	EndGlobalSection
EndGlobal
